
Microsoft Visual Studio Solution File, Format Version 12.00
# Visual Studio Version 16
VisualStudioVersion = 16.0.29503.13
MinimumVisualStudioVersion = 10.0.40219.1
Project("{9A19103F-16F7-4668-BE54-9A1E7A4F7556}") = "matcher", "matcher.csproj", "{36365B23-0709-4B4E-B3CF-17411173A82C}"
EndProject
Global
	GlobalSection(SolutionConfigurationPlatforms) = preSolution
		Debug|Any CPU = Debug|Any CPU
		Release|Any CPU = Release|Any CPU
	EndGlobalSection
	GlobalSection(ProjectConfigurationPlatforms) = postSolution
		{36365B23-0709-4B4E-B3CF-17411173A82C}.Debug|Any CPU.ActiveCfg = Debug|Any CPU
		{36365B23-0709-4B4E-B3CF-17411173A82C}.Debug|Any CPU.Build.0 = Debug|Any CPU
		{36365B23-0709-4B4E-B3CF-17411173A82C}.Release|Any CPU.ActiveCfg = Release|Any CPU
		{36365B23-0709-4B4E-B3CF-17411173A82C}.Release|Any CPU.Build.0 = Release|Any CPU
	EndGlobalSection
	GlobalSection(SolutionProperties) = preSolution
		HideSolutionNode = FALSE
	EndGlobalSection
	GlobalSection(ExtensibilityGlobals) = postSolution
		SolutionGuid = {ED136025-FAC3-4479-9DCB-873FC57136CA}
	EndGlobalSection
EndGlobal
