
Microsoft Visual Studio Solution File, Format Version 12.00
# Visual Studio Version 16
VisualStudioVersion = 16.0.29411.108
MinimumVisualStudioVersion = 10.0.40219.1
Project("{9A19103F-16F7-4668-BE54-9A1E7A4F7556}") = "ChiefRecognition", "ChiefRecognition\ChiefRecognition.csproj", "{5EB4F790-A8BB-47AE-A4C9-CDCD2A497D55}"
EndProject
Project("{FAE04EC0-301F-11D3-BF4B-00C04F79EFBC}") = "ChiefTabber", "ChiefTabber\ChiefTabber.csproj", "{6F18B132-BC82-49D8-9AEB-F51C4736A5E2}"
EndProject
Global
	GlobalSection(SolutionConfigurationPlatforms) = preSolution
		Debug|Any CPU = Debug|Any CPU
		Release|Any CPU = Release|Any CPU
	EndGlobalSection
	GlobalSection(ProjectConfigurationPlatforms) = postSolution
		{5EB4F790-A8BB-47AE-A4C9-CDCD2A497D55}.Debug|Any CPU.ActiveCfg = Debug|Any CPU
		{5EB4F790-A8BB-47AE-A4C9-CDCD2A497D55}.Debug|Any CPU.Build.0 = Debug|Any CPU
		{5EB4F790-A8BB-47AE-A4C9-CDCD2A497D55}.Release|Any CPU.ActiveCfg = Release|Any CPU
		{5EB4F790-A8BB-47AE-A4C9-CDCD2A497D55}.Release|Any CPU.Build.0 = Release|Any CPU
		{6F18B132-BC82-49D8-9AEB-F51C4736A5E2}.Debug|Any CPU.ActiveCfg = Debug|Any CPU
		{6F18B132-BC82-49D8-9AEB-F51C4736A5E2}.Debug|Any CPU.Build.0 = Debug|Any CPU
		{6F18B132-BC82-49D8-9AEB-F51C4736A5E2}.Release|Any CPU.ActiveCfg = Release|Any CPU
		{6F18B132-BC82-49D8-9AEB-F51C4736A5E2}.Release|Any CPU.Build.0 = Release|Any CPU
	EndGlobalSection
	GlobalSection(SolutionProperties) = preSolution
		HideSolutionNode = FALSE
	EndGlobalSection
	GlobalSection(ExtensibilityGlobals) = postSolution
		SolutionGuid = {4A3802DE-2231-4E72-9030-CBCA4ADF548B}
	EndGlobalSection
EndGlobal
